// !$*UTF8*$!
{
	archiveVersion = 1;
	classes = {
	};
	objectVersion = 46;
	objects = {

/* Begin PBXBuildFile section */
		B2400177134AD269001C4090 /* icon.png in Resources */ = {isa = PBXBuildFile; fileRef = B2400176134AD269001C4090 /* icon.png */; };
		B2400180134AD8EE001C4090 /* CoreMotion.framework in Frameworks */ = {isa = PBXBuildFile; fileRef = B240017F134AD8EE001C4090 /* CoreMotion.framework */; };
		B24001A2134AD938001C4090 /* mo_accel.mm in Sources */ = {isa = PBXBuildFile; fileRef = B2400184134AD938001C4090 /* mo_accel.mm */; };
		B24001A3134AD938001C4090 /* mo_net.mm in Sources */ = {isa = PBXBuildFile; fileRef = B2400187134AD938001C4090 /* mo_net.mm */; };
		B24001A4134AD938001C4090 /* mo_thread.mm in Sources */ = {isa = PBXBuildFile; fileRef = B2400189134AD938001C4090 /* mo_thread.mm */; };
		B24001A5134AD938001C4090 /* IpEndpointName.cpp in Sources */ = {isa = PBXBuildFile; fileRef = B240018C134AD938001C4090 /* IpEndpointName.cpp */; };
		B24001A6134AD938001C4090 /* NetworkingUtils.cpp in Sources */ = {isa = PBXBuildFile; fileRef = B2400191134AD938001C4090 /* NetworkingUtils.cpp */; };
		B24001A7134AD938001C4090 /* UdpSocket.cpp in Sources */ = {isa = PBXBuildFile; fileRef = B2400192134AD938001C4090 /* UdpSocket.cpp */; };
		B24001A8134AD938001C4090 /* OscOutboundPacketStream.cpp in Sources */ = {isa = PBXBuildFile; fileRef = B2400199134AD938001C4090 /* OscOutboundPacketStream.cpp */; };
		B24001A9134AD938001C4090 /* OscPrintReceivedElements.cpp in Sources */ = {isa = PBXBuildFile; fileRef = B240019C134AD938001C4090 /* OscPrintReceivedElements.cpp */; };
		B24001AA134AD938001C4090 /* OscReceivedElements.cpp in Sources */ = {isa = PBXBuildFile; fileRef = B240019E134AD938001C4090 /* OscReceivedElements.cpp */; };
		B24001AB134AD938001C4090 /* OscTypes.cpp in Sources */ = {isa = PBXBuildFile; fileRef = B24001A0134AD938001C4090 /* OscTypes.cpp */; };
		B24001C3134ADACA001C4090 /* feedborkOSC.mm in Sources */ = {isa = PBXBuildFile; fileRef = B24001C2134ADACA001C4090 /* feedborkOSC.mm */; };
		B24001CE134BB38D001C4090 /* switchDown.png in Resources */ = {isa = PBXBuildFile; fileRef = B24001CC134BB38D001C4090 /* switchDown.png */; };
		B24001CF134BB38D001C4090 /* switchUp.png in Resources */ = {isa = PBXBuildFile; fileRef = B24001CD134BB38D001C4090 /* switchUp.png */; };
		B24BF30B135564BD00F19EDF /* splat.png in Resources */ = {isa = PBXBuildFile; fileRef = B24BF30A135564BD00F19EDF /* splat.png */; };
		B253B7B9134D22AA0026F3FC /* feedborkViewController-iPhone.xib in Resources */ = {isa = PBXBuildFile; fileRef = B253B7B5134D22AA0026F3FC /* feedborkViewController-iPhone.xib */; };
		B253B7BA134D22AA0026F3FC /* MainWindow-iPhone.xib in Resources */ = {isa = PBXBuildFile; fileRef = B253B7B7134D22AA0026F3FC /* MainWindow-iPhone.xib */; };
		B25EA5D6135665DD0074C8AB /* flare1.png in Resources */ = {isa = PBXBuildFile; fileRef = B25EA5D1135665DD0074C8AB /* flare1.png */; };
		B25EA5D7135665DD0074C8AB /* flare2.png in Resources */ = {isa = PBXBuildFile; fileRef = B25EA5D2135665DD0074C8AB /* flare2.png */; };
		B25EA5D8135665DD0074C8AB /* flare3.png in Resources */ = {isa = PBXBuildFile; fileRef = B25EA5D3135665DD0074C8AB /* flare3.png */; };
		B25EA5D9135665DD0074C8AB /* shine1.png in Resources */ = {isa = PBXBuildFile; fileRef = B25EA5D4135665DD0074C8AB /* shine1.png */; };
		B25EA5DA135665DD0074C8AB /* shine2.png in Resources */ = {isa = PBXBuildFile; fileRef = B25EA5D5135665DD0074C8AB /* shine2.png */; };
		B287BB94135507E4006D0BCD /* TVOutManager.m in Sources */ = {isa = PBXBuildFile; fileRef = B287BB93135507E4006D0BCD /* TVOutManager.m */; };
		B287BBA613555006006D0BCD /* feedborkDoodad.mm in Sources */ = {isa = PBXBuildFile; fileRef = B287BBA513555005006D0BCD /* feedborkDoodad.mm */; };
		B2B54DE8135660D30003B20A /* particle.png in Resources */ = {isa = PBXBuildFile; fileRef = B2B54DE7135660D30003B20A /* particle.png */; };
		B2DEAE9113696108001201F0 /* circle.png in Resources */ = {isa = PBXBuildFile; fileRef = B2DEAE9013696108001201F0 /* circle.png */; };
		D508B5F11356921A000D54D2 /* QuartzCore.framework in Frameworks */ = {isa = PBXBuildFile; fileRef = D508B5F01356921A000D54D2 /* QuartzCore.framework */; };
		D52B9B0D13469E8800BF4E99 /* UIKit.framework in Frameworks */ = {isa = PBXBuildFile; fileRef = D52B9B0C13469E8800BF4E99 /* UIKit.framework */; };
		D52B9B0F13469E8800BF4E99 /* Foundation.framework in Frameworks */ = {isa = PBXBuildFile; fileRef = D52B9B0E13469E8800BF4E99 /* Foundation.framework */; };
		D52B9B1113469E8800BF4E99 /* CoreGraphics.framework in Frameworks */ = {isa = PBXBuildFile; fileRef = D52B9B1013469E8800BF4E99 /* CoreGraphics.framework */; };
		D52B9B1713469E8800BF4E99 /* InfoPlist.strings in Resources */ = {isa = PBXBuildFile; fileRef = D52B9B1513469E8800BF4E99 /* InfoPlist.strings */; };
		D52B9B1A13469E8800BF4E99 /* main.m in Sources */ = {isa = PBXBuildFile; fileRef = D52B9B1913469E8800BF4E99 /* main.m */; };
		D52B9B1D13469E8800BF4E99 /* feedborkAppDelegate.mm in Sources */ = {isa = PBXBuildFile; fileRef = D52B9B1C13469E8800BF4E99 /* feedborkAppDelegate.mm */; };
		D52B9B2013469E8800BF4E99 /* MainWindow.xib in Resources */ = {isa = PBXBuildFile; fileRef = D52B9B1E13469E8800BF4E99 /* MainWindow.xib */; };
		D52B9B2313469E8800BF4E99 /* feedborkViewController.mm in Sources */ = {isa = PBXBuildFile; fileRef = D52B9B2213469E8800BF4E99 /* feedborkViewController.mm */; };
		D52B9B2613469E8800BF4E99 /* feedborkViewController.xib in Resources */ = {isa = PBXBuildFile; fileRef = D52B9B2413469E8800BF4E99 /* feedborkViewController.xib */; };
		D52B9B501346A6BE00BF4E99 /* libcv.a in Frameworks */ = {isa = PBXBuildFile; fileRef = D52B9B4E1346A6BE00BF4E99 /* libcv.a */; };
		D52B9B511346A6BE00BF4E99 /* libcxcore.a in Frameworks */ = {isa = PBXBuildFile; fileRef = D52B9B4F1346A6BE00BF4E99 /* libcxcore.a */; };
		D578D0D11349428400A191D0 /* AVFoundation.framework in Frameworks */ = {isa = PBXBuildFile; fileRef = D578D0D01349428400A191D0 /* AVFoundation.framework */; };
		D578D0D41349428C00A191D0 /* CoreVideo.framework in Frameworks */ = {isa = PBXBuildFile; fileRef = D578D0D31349428C00A191D0 /* CoreVideo.framework */; };
		D578D0D61349429200A191D0 /* CoreMedia.framework in Frameworks */ = {isa = PBXBuildFile; fileRef = D578D0D51349429200A191D0 /* CoreMedia.framework */; };
/* End PBXBuildFile section */

/* Begin PBXFileReference section */
		B2400176134AD269001C4090 /* icon.png */ = {isa = PBXFileReference; lastKnownFileType = image.png; path = icon.png; sourceTree = "<group>"; };
		B240017F134AD8EE001C4090 /* CoreMotion.framework */ = {isa = PBXFileReference; lastKnownFileType = wrapper.framework; name = CoreMotion.framework; path = System/Library/Frameworks/CoreMotion.framework; sourceTree = SDKROOT; };
		B2400183134AD938001C4090 /* mo_accel.h */ = {isa = PBXFileReference; fileEncoding = 4; lastKnownFileType = sourcecode.c.h; path = mo_accel.h; sourceTree = "<group>"; };
		B2400184134AD938001C4090 /* mo_accel.mm */ = {isa = PBXFileReference; fileEncoding = 4; lastKnownFileType = sourcecode.cpp.objcpp; path = mo_accel.mm; sourceTree = "<group>"; };
		B2400185134AD938001C4090 /* mo_def.h */ = {isa = PBXFileReference; fileEncoding = 4; lastKnownFileType = sourcecode.c.h; path = mo_def.h; sourceTree = "<group>"; };
		B2400186134AD938001C4090 /* mo_net.h */ = {isa = PBXFileReference; fileEncoding = 4; lastKnownFileType = sourcecode.c.h; path = mo_net.h; sourceTree = "<group>"; };
		B2400187134AD938001C4090 /* mo_net.mm */ = {isa = PBXFileReference; fileEncoding = 4; lastKnownFileType = sourcecode.cpp.objcpp; path = mo_net.mm; sourceTree = "<group>"; };
		B2400188134AD938001C4090 /* mo_thread.h */ = {isa = PBXFileReference; fileEncoding = 4; lastKnownFileType = sourcecode.c.h; path = mo_thread.h; sourceTree = "<group>"; };
		B2400189134AD938001C4090 /* mo_thread.mm */ = {isa = PBXFileReference; fileEncoding = 4; lastKnownFileType = sourcecode.cpp.objcpp; path = mo_thread.mm; sourceTree = "<group>"; };
		B240018C134AD938001C4090 /* IpEndpointName.cpp */ = {isa = PBXFileReference; fileEncoding = 4; lastKnownFileType = sourcecode.cpp.cpp; path = IpEndpointName.cpp; sourceTree = "<group>"; };
		B240018D134AD938001C4090 /* IpEndpointName.h */ = {isa = PBXFileReference; fileEncoding = 4; lastKnownFileType = sourcecode.c.h; path = IpEndpointName.h; sourceTree = "<group>"; };
		B240018E134AD938001C4090 /* NetworkingUtils.h */ = {isa = PBXFileReference; fileEncoding = 4; lastKnownFileType = sourcecode.c.h; path = NetworkingUtils.h; sourceTree = "<group>"; };
		B240018F134AD938001C4090 /* PacketListener.h */ = {isa = PBXFileReference; fileEncoding = 4; lastKnownFileType = sourcecode.c.h; path = PacketListener.h; sourceTree = "<group>"; };
		B2400191134AD938001C4090 /* NetworkingUtils.cpp */ = {isa = PBXFileReference; fileEncoding = 4; lastKnownFileType = sourcecode.cpp.cpp; path = NetworkingUtils.cpp; sourceTree = "<group>"; };
		B2400192134AD938001C4090 /* UdpSocket.cpp */ = {isa = PBXFileReference; fileEncoding = 4; lastKnownFileType = sourcecode.cpp.cpp; path = UdpSocket.cpp; sourceTree = "<group>"; };
		B2400193134AD938001C4090 /* TimerListener.h */ = {isa = PBXFileReference; fileEncoding = 4; lastKnownFileType = sourcecode.c.h; path = TimerListener.h; sourceTree = "<group>"; };
		B2400194134AD938001C4090 /* UdpSocket.h */ = {isa = PBXFileReference; fileEncoding = 4; lastKnownFileType = sourcecode.c.h; path = UdpSocket.h; sourceTree = "<group>"; };
		B2400196134AD938001C4090 /* MessageMappingOscPacketListener.h */ = {isa = PBXFileReference; fileEncoding = 4; lastKnownFileType = sourcecode.c.h; path = MessageMappingOscPacketListener.h; sourceTree = "<group>"; };
		B2400197134AD938001C4090 /* OscException.h */ = {isa = PBXFileReference; fileEncoding = 4; lastKnownFileType = sourcecode.c.h; path = OscException.h; sourceTree = "<group>"; };
		B2400198134AD938001C4090 /* OscHostEndianness.h */ = {isa = PBXFileReference; fileEncoding = 4; lastKnownFileType = sourcecode.c.h; path = OscHostEndianness.h; sourceTree = "<group>"; };
		B2400199134AD938001C4090 /* OscOutboundPacketStream.cpp */ = {isa = PBXFileReference; fileEncoding = 4; lastKnownFileType = sourcecode.cpp.cpp; path = OscOutboundPacketStream.cpp; sourceTree = "<group>"; };
		B240019A134AD938001C4090 /* OscOutboundPacketStream.h */ = {isa = PBXFileReference; fileEncoding = 4; lastKnownFileType = sourcecode.c.h; path = OscOutboundPacketStream.h; sourceTree = "<group>"; };
		B240019B134AD938001C4090 /* OscPacketListener.h */ = {isa = PBXFileReference; fileEncoding = 4; lastKnownFileType = sourcecode.c.h; path = OscPacketListener.h; sourceTree = "<group>"; };
		B240019C134AD938001C4090 /* OscPrintReceivedElements.cpp */ = {isa = PBXFileReference; fileEncoding = 4; lastKnownFileType = sourcecode.cpp.cpp; path = OscPrintReceivedElements.cpp; sourceTree = "<group>"; };
		B240019D134AD938001C4090 /* OscPrintReceivedElements.h */ = {isa = PBXFileReference; fileEncoding = 4; lastKnownFileType = sourcecode.c.h; path = OscPrintReceivedElements.h; sourceTree = "<group>"; };
		B240019E134AD938001C4090 /* OscReceivedElements.cpp */ = {isa = PBXFileReference; fileEncoding = 4; lastKnownFileType = sourcecode.cpp.cpp; path = OscReceivedElements.cpp; sourceTree = "<group>"; };
		B240019F134AD938001C4090 /* OscReceivedElements.h */ = {isa = PBXFileReference; fileEncoding = 4; lastKnownFileType = sourcecode.c.h; path = OscReceivedElements.h; sourceTree = "<group>"; };
		B24001A0134AD938001C4090 /* OscTypes.cpp */ = {isa = PBXFileReference; fileEncoding = 4; lastKnownFileType = sourcecode.cpp.cpp; path = OscTypes.cpp; sourceTree = "<group>"; };
		B24001A1134AD938001C4090 /* OscTypes.h */ = {isa = PBXFileReference; fileEncoding = 4; lastKnownFileType = sourcecode.c.h; path = OscTypes.h; sourceTree = "<group>"; };
		B24001C1134ADACA001C4090 /* feedborkOSC.h */ = {isa = PBXFileReference; fileEncoding = 4; lastKnownFileType = sourcecode.c.h; path = feedborkOSC.h; sourceTree = "<group>"; };
		B24001C2134ADACA001C4090 /* feedborkOSC.mm */ = {isa = PBXFileReference; fileEncoding = 4; lastKnownFileType = sourcecode.cpp.objcpp; path = feedborkOSC.mm; sourceTree = "<group>"; };
		B24001CC134BB38D001C4090 /* switchDown.png */ = {isa = PBXFileReference; lastKnownFileType = image.png; path = switchDown.png; sourceTree = "<group>"; };
		B24001CD134BB38D001C4090 /* switchUp.png */ = {isa = PBXFileReference; lastKnownFileType = image.png; path = switchUp.png; sourceTree = "<group>"; };
		B24BF30A135564BD00F19EDF /* splat.png */ = {isa = PBXFileReference; lastKnownFileType = image.png; path = splat.png; sourceTree = "<group>"; };
		B253B7B6134D22AA0026F3FC /* en */ = {isa = PBXFileReference; lastKnownFileType = file.xib; name = en; path = "en.lproj/feedborkViewController-iPhone.xib"; sourceTree = "<group>"; };
		B253B7B8134D22AA0026F3FC /* en */ = {isa = PBXFileReference; lastKnownFileType = file.xib; name = en; path = "en.lproj/MainWindow-iPhone.xib"; sourceTree = "<group>"; };
		B25EA5D1135665DD0074C8AB /* flare1.png */ = {isa = PBXFileReference; lastKnownFileType = image.png; path = flare1.png; sourceTree = "<group>"; };
		B25EA5D2135665DD0074C8AB /* flare2.png */ = {isa = PBXFileReference; lastKnownFileType = image.png; path = flare2.png; sourceTree = "<group>"; };
		B25EA5D3135665DD0074C8AB /* flare3.png */ = {isa = PBXFileReference; lastKnownFileType = image.png; path = flare3.png; sourceTree = "<group>"; };
		B25EA5D4135665DD0074C8AB /* shine1.png */ = {isa = PBXFileReference; lastKnownFileType = image.png; path = shine1.png; sourceTree = "<group>"; };
		B25EA5D5135665DD0074C8AB /* shine2.png */ = {isa = PBXFileReference; lastKnownFileType = image.png; path = shine2.png; sourceTree = "<group>"; };
		B287BB92135507E4006D0BCD /* TVOutManager.h */ = {isa = PBXFileReference; fileEncoding = 4; lastKnownFileType = sourcecode.c.h; path = TVOutManager.h; sourceTree = "<group>"; };
		B287BB93135507E4006D0BCD /* TVOutManager.m */ = {isa = PBXFileReference; fileEncoding = 4; lastKnownFileType = sourcecode.c.objc; path = TVOutManager.m; sourceTree = "<group>"; };
		B287BBA413555005006D0BCD /* feedborkDoodad.h */ = {isa = PBXFileReference; fileEncoding = 4; lastKnownFileType = sourcecode.c.h; path = feedborkDoodad.h; sourceTree = "<group>"; };
		B287BBA513555005006D0BCD /* feedborkDoodad.mm */ = {isa = PBXFileReference; fileEncoding = 4; lastKnownFileType = sourcecode.cpp.objcpp; path = feedborkDoodad.mm; sourceTree = "<group>"; };
		B2B54DE7135660D30003B20A /* particle.png */ = {isa = PBXFileReference; lastKnownFileType = image.png; path = particle.png; sourceTree = "<group>"; };
		B2DEAE9013696108001201F0 /* circle.png */ = {isa = PBXFileReference; lastKnownFileType = image.png; path = circle.png; sourceTree = "<group>"; };
		D508B5F01356921A000D54D2 /* QuartzCore.framework */ = {isa = PBXFileReference; lastKnownFileType = wrapper.framework; name = QuartzCore.framework; path = System/Library/Frameworks/QuartzCore.framework; sourceTree = SDKROOT; };
		D52B9B0813469E8800BF4E99 /* feedbork.app */ = {isa = PBXFileReference; explicitFileType = wrapper.application; includeInIndex = 0; path = feedbork.app; sourceTree = BUILT_PRODUCTS_DIR; };
		D52B9B0C13469E8800BF4E99 /* UIKit.framework */ = {isa = PBXFileReference; lastKnownFileType = wrapper.framework; name = UIKit.framework; path = System/Library/Frameworks/UIKit.framework; sourceTree = SDKROOT; };
		D52B9B0E13469E8800BF4E99 /* Foundation.framework */ = {isa = PBXFileReference; lastKnownFileType = wrapper.framework; name = Foundation.framework; path = System/Library/Frameworks/Foundation.framework; sourceTree = SDKROOT; };
		D52B9B1013469E8800BF4E99 /* CoreGraphics.framework */ = {isa = PBXFileReference; lastKnownFileType = wrapper.framework; name = CoreGraphics.framework; path = System/Library/Frameworks/CoreGraphics.framework; sourceTree = SDKROOT; };
		D52B9B1413469E8800BF4E99 /* feedbork-Info.plist */ = {isa = PBXFileReference; lastKnownFileType = text.plist.xml; path = "feedbork-Info.plist"; sourceTree = "<group>"; };
		D52B9B1613469E8800BF4E99 /* en */ = {isa = PBXFileReference; lastKnownFileType = text.plist.strings; name = en; path = en.lproj/InfoPlist.strings; sourceTree = "<group>"; };
		D52B9B1813469E8800BF4E99 /* feedbork-Prefix.pch */ = {isa = PBXFileReference; lastKnownFileType = sourcecode.c.h; path = "feedbork-Prefix.pch"; sourceTree = "<group>"; };
		D52B9B1913469E8800BF4E99 /* main.m */ = {isa = PBXFileReference; lastKnownFileType = sourcecode.c.objc; path = main.m; sourceTree = "<group>"; };
		D52B9B1B13469E8800BF4E99 /* feedborkAppDelegate.h */ = {isa = PBXFileReference; lastKnownFileType = sourcecode.c.h; path = feedborkAppDelegate.h; sourceTree = "<group>"; };
		D52B9B1C13469E8800BF4E99 /* feedborkAppDelegate.mm */ = {isa = PBXFileReference; lastKnownFileType = sourcecode.cpp.objcpp; path = feedborkAppDelegate.mm; sourceTree = "<group>"; };
		D52B9B1F13469E8800BF4E99 /* en */ = {isa = PBXFileReference; lastKnownFileType = file.xib; name = en; path = en.lproj/MainWindow.xib; sourceTree = "<group>"; };
		D52B9B2113469E8800BF4E99 /* feedborkViewController.h */ = {isa = PBXFileReference; lastKnownFileType = sourcecode.c.h; path = feedborkViewController.h; sourceTree = "<group>"; };
		D52B9B2213469E8800BF4E99 /* feedborkViewController.mm */ = {isa = PBXFileReference; lastKnownFileType = sourcecode.cpp.objcpp; path = feedborkViewController.mm; sourceTree = "<group>"; };
		D52B9B2513469E8800BF4E99 /* en */ = {isa = PBXFileReference; lastKnownFileType = file.xib; name = en; path = en.lproj/feedborkViewController.xib; sourceTree = "<group>"; };
		D52B9B4E1346A6BE00BF4E99 /* libcv.a */ = {isa = PBXFileReference; lastKnownFileType = archive.ar; name = libcv.a; path = lib/libcv.a; sourceTree = "<group>"; };
		D52B9B4F1346A6BE00BF4E99 /* libcxcore.a */ = {isa = PBXFileReference; lastKnownFileType = archive.ar; name = libcxcore.a; path = lib/libcxcore.a; sourceTree = "<group>"; };
		D578D0D01349428400A191D0 /* AVFoundation.framework */ = {isa = PBXFileReference; lastKnownFileType = wrapper.framework; name = AVFoundation.framework; path = System/Library/Frameworks/AVFoundation.framework; sourceTree = SDKROOT; };
		D578D0D31349428C00A191D0 /* CoreVideo.framework */ = {isa = PBXFileReference; lastKnownFileType = wrapper.framework; name = CoreVideo.framework; path = System/Library/Frameworks/CoreVideo.framework; sourceTree = SDKROOT; };
		D578D0D51349429200A191D0 /* CoreMedia.framework */ = {isa = PBXFileReference; lastKnownFileType = wrapper.framework; name = CoreMedia.framework; path = System/Library/Frameworks/CoreMedia.framework; sourceTree = SDKROOT; };
/* End PBXFileReference section */

/* Begin PBXFrameworksBuildPhase section */
		D52B9B0513469E8800BF4E99 /* Frameworks */ = {
			isa = PBXFrameworksBuildPhase;
			buildActionMask = 2147483647;
			files = (
				D508B5F11356921A000D54D2 /* QuartzCore.framework in Frameworks */,
				B2400180134AD8EE001C4090 /* CoreMotion.framework in Frameworks */,
				D578D0D61349429200A191D0 /* CoreMedia.framework in Frameworks */,
				D578D0D41349428C00A191D0 /* CoreVideo.framework in Frameworks */,
				D578D0D11349428400A191D0 /* AVFoundation.framework in Frameworks */,
				D52B9B501346A6BE00BF4E99 /* libcv.a in Frameworks */,
				D52B9B511346A6BE00BF4E99 /* libcxcore.a in Frameworks */,
				D52B9B0D13469E8800BF4E99 /* UIKit.framework in Frameworks */,
				D52B9B0F13469E8800BF4E99 /* Foundation.framework in Frameworks */,
				D52B9B1113469E8800BF4E99 /* CoreGraphics.framework in Frameworks */,
			);
			runOnlyForDeploymentPostprocessing = 0;
		};
/* End PBXFrameworksBuildPhase section */

/* Begin PBXGroup section */
		B2400175134AD269001C4090 /* pics */ = {
			isa = PBXGroup;
			children = (
				B2DEAE9013696108001201F0 /* circle.png */,
				B24BF30A135564BD00F19EDF /* splat.png */,
				B24001CC134BB38D001C4090 /* switchDown.png */,
				B24001CD134BB38D001C4090 /* switchUp.png */,
				B2B54DE7135660D30003B20A /* particle.png */,
				B2400176134AD269001C4090 /* icon.png */,
				B25EA5D1135665DD0074C8AB /* flare1.png */,
				B25EA5D2135665DD0074C8AB /* flare2.png */,
				B25EA5D3135665DD0074C8AB /* flare3.png */,
				B25EA5D4135665DD0074C8AB /* shine1.png */,
				B25EA5D5135665DD0074C8AB /* shine2.png */,
			);
			path = pics;
			sourceTree = "<group>";
		};
		B2400181134AD909001C4090 /* Libraries */ = {
			isa = PBXGroup;
			children = (
				D52B9B4E1346A6BE00BF4E99 /* libcv.a */,
				D52B9B4F1346A6BE00BF4E99 /* libcxcore.a */,
			);
			name = Libraries;
			sourceTree = "<group>";
		};
		B2400182134AD938001C4090 /* mopho */ = {
			isa = PBXGroup;
			children = (
				B2400183134AD938001C4090 /* mo_accel.h */,
				B2400184134AD938001C4090 /* mo_accel.mm */,
				B2400185134AD938001C4090 /* mo_def.h */,
				B2400186134AD938001C4090 /* mo_net.h */,
				B2400187134AD938001C4090 /* mo_net.mm */,
				B2400188134AD938001C4090 /* mo_thread.h */,
				B2400189134AD938001C4090 /* mo_thread.mm */,
				B240018A134AD938001C4090 /* oscpack */,
			);
			path = mopho;
			sourceTree = "<group>";
		};
		B240018A134AD938001C4090 /* oscpack */ = {
			isa = PBXGroup;
			children = (
				B240018B134AD938001C4090 /* ip */,
				B2400195134AD938001C4090 /* osc */,
			);
			path = oscpack;
			sourceTree = "<group>";
		};
		B240018B134AD938001C4090 /* ip */ = {
			isa = PBXGroup;
			children = (
				B240018C134AD938001C4090 /* IpEndpointName.cpp */,
				B240018D134AD938001C4090 /* IpEndpointName.h */,
				B240018E134AD938001C4090 /* NetworkingUtils.h */,
				B240018F134AD938001C4090 /* PacketListener.h */,
				B2400190134AD938001C4090 /* posix */,
				B2400193134AD938001C4090 /* TimerListener.h */,
				B2400194134AD938001C4090 /* UdpSocket.h */,
			);
			path = ip;
			sourceTree = "<group>";
		};
		B2400190134AD938001C4090 /* posix */ = {
			isa = PBXGroup;
			children = (
				B2400191134AD938001C4090 /* NetworkingUtils.cpp */,
				B2400192134AD938001C4090 /* UdpSocket.cpp */,
			);
			path = posix;
			sourceTree = "<group>";
		};
		B2400195134AD938001C4090 /* osc */ = {
			isa = PBXGroup;
			children = (
				B2400196134AD938001C4090 /* MessageMappingOscPacketListener.h */,
				B2400197134AD938001C4090 /* OscException.h */,
				B2400198134AD938001C4090 /* OscHostEndianness.h */,
				B2400199134AD938001C4090 /* OscOutboundPacketStream.cpp */,
				B240019A134AD938001C4090 /* OscOutboundPacketStream.h */,
				B240019B134AD938001C4090 /* OscPacketListener.h */,
				B240019C134AD938001C4090 /* OscPrintReceivedElements.cpp */,
				B240019D134AD938001C4090 /* OscPrintReceivedElements.h */,
				B240019E134AD938001C4090 /* OscReceivedElements.cpp */,
				B240019F134AD938001C4090 /* OscReceivedElements.h */,
				B24001A0134AD938001C4090 /* OscTypes.cpp */,
				B24001A1134AD938001C4090 /* OscTypes.h */,
			);
			path = osc;
			sourceTree = "<group>";
		};
		D52B9AFD13469E8800BF4E99 = {
			isa = PBXGroup;
			children = (
				D52B9B1213469E8800BF4E99 /* feedbork */,
				B2400182134AD938001C4090 /* mopho */,
				B2400181134AD909001C4090 /* Libraries */,
				D52B9B0B13469E8800BF4E99 /* Frameworks */,
				D52B9B0913469E8800BF4E99 /* Products */,
				B2400175134AD269001C4090 /* pics */,
			);
			sourceTree = "<group>";
		};
		D52B9B0913469E8800BF4E99 /* Products */ = {
			isa = PBXGroup;
			children = (
				D52B9B0813469E8800BF4E99 /* feedbork.app */,
			);
			name = Products;
			sourceTree = "<group>";
		};
		D52B9B0B13469E8800BF4E99 /* Frameworks */ = {
			isa = PBXGroup;
			children = (
				D508B5F01356921A000D54D2 /* QuartzCore.framework */,
				B240017F134AD8EE001C4090 /* CoreMotion.framework */,
				D578D0D51349429200A191D0 /* CoreMedia.framework */,
				D578D0D31349428C00A191D0 /* CoreVideo.framework */,
				D578D0D01349428400A191D0 /* AVFoundation.framework */,
				D52B9B0C13469E8800BF4E99 /* UIKit.framework */,
				D52B9B0E13469E8800BF4E99 /* Foundation.framework */,
				D52B9B1013469E8800BF4E99 /* CoreGraphics.framework */,
			);
			name = Frameworks;
			sourceTree = "<group>";
		};
		D52B9B1213469E8800BF4E99 /* feedbork */ = {
			isa = PBXGroup;
			children = (
				D52B9B1B13469E8800BF4E99 /* feedborkAppDelegate.h */,
				D52B9B1C13469E8800BF4E99 /* feedborkAppDelegate.mm */,
				D52B9B2113469E8800BF4E99 /* feedborkViewController.h */,
				D52B9B2213469E8800BF4E99 /* feedborkViewController.mm */,
				D52B9B1E13469E8800BF4E99 /* MainWindow.xib */,
				D52B9B2413469E8800BF4E99 /* feedborkViewController.xib */,
				B253B7B5134D22AA0026F3FC /* feedborkViewController-iPhone.xib */,
				B253B7B7134D22AA0026F3FC /* MainWindow-iPhone.xib */,
				B24001C1134ADACA001C4090 /* feedborkOSC.h */,
				B24001C2134ADACA001C4090 /* feedborkOSC.mm */,
				B287BBA413555005006D0BCD /* feedborkDoodad.h */,
				B287BBA513555005006D0BCD /* feedborkDoodad.mm */,
				B287BB92135507E4006D0BCD /* TVOutManager.h */,
				B287BB93135507E4006D0BCD /* TVOutManager.m */,
				D52B9B1313469E8800BF4E99 /* Supporting Files */,
			);
			path = feedbork;
			sourceTree = "<group>";
		};
		D52B9B1313469E8800BF4E99 /* Supporting Files */ = {
			isa = PBXGroup;
			children = (
				D52B9B1413469E8800BF4E99 /* feedbork-Info.plist */,
				D52B9B1513469E8800BF4E99 /* InfoPlist.strings */,
				D52B9B1813469E8800BF4E99 /* feedbork-Prefix.pch */,
				D52B9B1913469E8800BF4E99 /* main.m */,
			);
			name = "Supporting Files";
			sourceTree = "<group>";
		};
/* End PBXGroup section */

/* Begin PBXNativeTarget section */
		D52B9B0713469E8800BF4E99 /* feedbork */ = {
			isa = PBXNativeTarget;
			buildConfigurationList = D52B9B2913469E8800BF4E99 /* Build configuration list for PBXNativeTarget "feedbork" */;
			buildPhases = (
				D52B9B0413469E8800BF4E99 /* Sources */,
				D52B9B0513469E8800BF4E99 /* Frameworks */,
				D52B9B0613469E8800BF4E99 /* Resources */,
			);
			buildRules = (
			);
			dependencies = (
			);
			name = feedbork;
			productName = feedbork;
			productReference = D52B9B0813469E8800BF4E99 /* feedbork.app */;
			productType = "com.apple.product-type.application";
		};
/* End PBXNativeTarget section */

/* Begin PBXProject section */
		D52B9AFF13469E8800BF4E99 /* Project object */ = {
			isa = PBXProject;
			buildConfigurationList = D52B9B0213469E8800BF4E99 /* Build configuration list for PBXProject "feedbork" */;
			compatibilityVersion = "Xcode 3.2";
			developmentRegion = English;
			hasScannedForEncodings = 0;
			knownRegions = (
				en,
			);
			mainGroup = D52B9AFD13469E8800BF4E99;
			productRefGroup = D52B9B0913469E8800BF4E99 /* Products */;
			projectDirPath = "";
			projectRoot = "";
			targets = (
				D52B9B0713469E8800BF4E99 /* feedbork */,
			);
		};
/* End PBXProject section */

/* Begin PBXResourcesBuildPhase section */
		D52B9B0613469E8800BF4E99 /* Resources */ = {
			isa = PBXResourcesBuildPhase;
			buildActionMask = 2147483647;
			files = (
				D52B9B1713469E8800BF4E99 /* InfoPlist.strings in Resources */,
				D52B9B2013469E8800BF4E99 /* MainWindow.xib in Resources */,
				D52B9B2613469E8800BF4E99 /* feedborkViewController.xib in Resources */,
				B2400177134AD269001C4090 /* icon.png in Resources */,
				B24001CE134BB38D001C4090 /* switchDown.png in Resources */,
				B24001CF134BB38D001C4090 /* switchUp.png in Resources */,
				B253B7B9134D22AA0026F3FC /* feedborkViewController-iPhone.xib in Resources */,
				B253B7BA134D22AA0026F3FC /* MainWindow-iPhone.xib in Resources */,
				B24BF30B135564BD00F19EDF /* splat.png in Resources */,
				B2B54DE8135660D30003B20A /* particle.png in Resources */,
				B25EA5D6135665DD0074C8AB /* flare1.png in Resources */,
				B25EA5D7135665DD0074C8AB /* flare2.png in Resources */,
				B25EA5D8135665DD0074C8AB /* flare3.png in Resources */,
				B25EA5D9135665DD0074C8AB /* shine1.png in Resources */,
				B25EA5DA135665DD0074C8AB /* shine2.png in Resources */,
				B2DEAE9113696108001201F0 /* circle.png in Resources */,
			);
			runOnlyForDeploymentPostprocessing = 0;
		};
/* End PBXResourcesBuildPhase section */

/* Begin PBXSourcesBuildPhase section */
		D52B9B0413469E8800BF4E99 /* Sources */ = {
			isa = PBXSourcesBuildPhase;
			buildActionMask = 2147483647;
			files = (
				D52B9B1A13469E8800BF4E99 /* main.m in Sources */,
				D52B9B1D13469E8800BF4E99 /* feedborkAppDelegate.mm in Sources */,
				D52B9B2313469E8800BF4E99 /* feedborkViewController.mm in Sources */,
				B24001A2134AD938001C4090 /* mo_accel.mm in Sources */,
				B24001A3134AD938001C4090 /* mo_net.mm in Sources */,
				B24001A4134AD938001C4090 /* mo_thread.mm in Sources */,
				B24001A5134AD938001C4090 /* IpEndpointName.cpp in Sources */,
				B24001A6134AD938001C4090 /* NetworkingUtils.cpp in Sources */,
				B24001A7134AD938001C4090 /* UdpSocket.cpp in Sources */,
				B24001A8134AD938001C4090 /* OscOutboundPacketStream.cpp in Sources */,
				B24001A9134AD938001C4090 /* OscPrintReceivedElements.cpp in Sources */,
				B24001AA134AD938001C4090 /* OscReceivedElements.cpp in Sources */,
				B24001AB134AD938001C4090 /* OscTypes.cpp in Sources */,
				B24001C3134ADACA001C4090 /* feedborkOSC.mm in Sources */,
				B287BB94135507E4006D0BCD /* TVOutManager.m in Sources */,
				B287BBA613555006006D0BCD /* feedborkDoodad.mm in Sources */,
			);
			runOnlyForDeploymentPostprocessing = 0;
		};
/* End PBXSourcesBuildPhase section */

/* Begin PBXVariantGroup section */
		B253B7B5134D22AA0026F3FC /* feedborkViewController-iPhone.xib */ = {
			isa = PBXVariantGroup;
			children = (
				B253B7B6134D22AA0026F3FC /* en */,
			);
			name = "feedborkViewController-iPhone.xib";
			sourceTree = "<group>";
		};
		B253B7B7134D22AA0026F3FC /* MainWindow-iPhone.xib */ = {
			isa = PBXVariantGroup;
			children = (
				B253B7B8134D22AA0026F3FC /* en */,
			);
			name = "MainWindow-iPhone.xib";
			sourceTree = "<group>";
		};
		D52B9B1513469E8800BF4E99 /* InfoPlist.strings */ = {
			isa = PBXVariantGroup;
			children = (
				D52B9B1613469E8800BF4E99 /* en */,
			);
			name = InfoPlist.strings;
			sourceTree = "<group>";
		};
		D52B9B1E13469E8800BF4E99 /* MainWindow.xib */ = {
			isa = PBXVariantGroup;
			children = (
				D52B9B1F13469E8800BF4E99 /* en */,
			);
			name = MainWindow.xib;
			sourceTree = "<group>";
		};
		D52B9B2413469E8800BF4E99 /* feedborkViewController.xib */ = {
			isa = PBXVariantGroup;
			children = (
				D52B9B2513469E8800BF4E99 /* en */,
			);
			name = feedborkViewController.xib;
			sourceTree = "<group>";
		};
/* End PBXVariantGroup section */

/* Begin XCBuildConfiguration section */
		D52B9B2713469E8800BF4E99 /* Debug */ = {
			isa = XCBuildConfiguration;
			buildSettings = {
				ARCHS = "$(ARCHS_UNIVERSAL_IPHONE_OS)";
				"CODE_SIGN_IDENTITY[sdk=iphoneos*]" = "iPhone Developer";
				GCC_C_LANGUAGE_STANDARD = gnu99;
				GCC_OPTIMIZATION_LEVEL = 0;
				GCC_PREPROCESSOR_DEFINITIONS = DEBUG;
				GCC_SYMBOLS_PRIVATE_EXTERN = NO;
				GCC_VERSION = com.apple.compilers.llvmgcc42;
				GCC_WARN_ABOUT_RETURN_TYPE = YES;
				GCC_WARN_UNUSED_VARIABLE = YES;
				IPHONEOS_DEPLOYMENT_TARGET = 4.3;
				SDKROOT = iphoneos;
				TARGETED_DEVICE_FAMILY = 2;
			};
			name = Debug;
		};
		D52B9B2813469E8800BF4E99 /* Release */ = {
			isa = XCBuildConfiguration;
			buildSettings = {
				ARCHS = "$(ARCHS_UNIVERSAL_IPHONE_OS)";
				"CODE_SIGN_IDENTITY[sdk=iphoneos*]" = "iPhone Developer";
				GCC_C_LANGUAGE_STANDARD = gnu99;
				GCC_GENERATE_DEBUGGING_SYMBOLS = NO;
				GCC_OPTIMIZATION_LEVEL = 3;
				GCC_UNROLL_LOOPS = YES;
				GCC_VERSION = com.apple.compilers.llvmgcc42;
				GCC_WARN_ABOUT_RETURN_TYPE = YES;
				GCC_WARN_UNUSED_VARIABLE = YES;
				IPHONEOS_DEPLOYMENT_TARGET = 4.3;
				OTHER_CFLAGS = "-DNS_BLOCK_ASSERTIONS=1";
				SDKROOT = iphoneos;
				TARGETED_DEVICE_FAMILY = 2;
			};
			name = Release;
		};
		D52B9B2A13469E8800BF4E99 /* Debug */ = {
			isa = XCBuildConfiguration;
			buildSettings = {
				ALWAYS_SEARCH_USER_PATHS = NO;
				CODE_SIGN_IDENTITY = "";
				"CODE_SIGN_IDENTITY[sdk=iphoneos*]" = "iPhone Developer";
				COPY_PHASE_STRIP = NO;
				GCC_DYNAMIC_NO_PIC = NO;
				GCC_PRECOMPILE_PREFIX_HEADER = YES;
				GCC_PREFIX_HEADER = "feedbork/feedbork-Prefix.pch";
				HEADER_SEARCH_PATHS = "\"$(SRCROOT)/include\"/**";
				INFOPLIST_FILE = "feedbork/feedbork-Info.plist";
				LIBRARY_SEARCH_PATHS = (
					"$(inherited)",
					"\"$(SRCROOT)/lib\"/**",
				);
				PRODUCT_NAME = "$(TARGET_NAME)";
				"PROVISIONING_PROFILE[sdk=iphoneos*]" = "";
				TARGETED_DEVICE_FAMILY = "1,2";
				WRAPPER_EXTENSION = app;
			};
			name = Debug;
		};
		D52B9B2B13469E8800BF4E99 /* Release */ = {
			isa = XCBuildConfiguration;
			buildSettings = {
				ALWAYS_SEARCH_USER_PATHS = NO;
				COPY_PHASE_STRIP = YES;
				GCC_PRECOMPILE_PREFIX_HEADER = YES;
				GCC_PREFIX_HEADER = "feedbork/feedbork-Prefix.pch";
				HEADER_SEARCH_PATHS = "\"$(SRCROOT)/include\"/**";
				INFOPLIST_FILE = "feedbork/feedbork-Info.plist";
				LIBRARY_SEARCH_PATHS = (
					"$(inherited)",
					"\"$(SRCROOT)/../../iphone_opencv_test/build_device/lib\"",
					"\"$(SRCROOT)/lib\"",
				);
				PRODUCT_NAME = "$(TARGET_NAME)";
				TARGETED_DEVICE_FAMILY = "1,2";
				VALIDATE_PRODUCT = YES;
				WRAPPER_EXTENSION = app;
			};
			name = Release;
		};
/* End XCBuildConfiguration section */

/* Begin XCConfigurationList section */
		D52B9B0213469E8800BF4E99 /* Build configuration list for PBXProject "feedbork" */ = {
			isa = XCConfigurationList;
			buildConfigurations = (
				D52B9B2713469E8800BF4E99 /* Debug */,
				D52B9B2813469E8800BF4E99 /* Release */,
			);
			defaultConfigurationIsVisible = 0;
			defaultConfigurationName = Release;
		};
		D52B9B2913469E8800BF4E99 /* Build configuration list for PBXNativeTarget "feedbork" */ = {
			isa = XCConfigurationList;
			buildConfigurations = (
				D52B9B2A13469E8800BF4E99 /* Debug */,
				D52B9B2B13469E8800BF4E99 /* Release */,
			);
			defaultConfigurationIsVisible = 0;
			defaultConfigurationName = Release;
		};
/* End XCConfigurationList section */
	};
	rootObject = D52B9AFF13469E8800BF4E99 /* Project object */;
}
